
Microsoft Visual Studio Solution File, Format Version 12.00
# Visual Studio Version 17
VisualStudioVersion = 17.11.35312.102
MinimumVisualStudioVersion = 10.0.40219.1
Project("{9A19103F-16F7-4668-BE54-9A1E7A4F7556}") = "AspNetCoreWebApiDemo", "AspNetCoreWebApiDemo\AspNetCoreWebApiDemo.csproj", "{A9E5D7FA-DE0D-4779-90B0-4F92911C0722}"
EndProject
Project("{9A19103F-16F7-4668-BE54-9A1E7A4F7556}") = "AspNetCoreWebApiDemo2", "AspNetCoreWebApiDemo2\AspNetCoreWebApiDemo2.csproj", "{BDB8F284-13D5-450B-94F1-9663356FB484}"
EndProject
Project("{FAE04EC0-301F-11D3-BF4B-00C04F79EFBC}") = "CRUDaspNetCoreWebAPI", "CRUDaspNetCoreWebAPI\CRUDaspNetCoreWebAPI.csproj", "{FD06B50B-DE6B-4D95-83A7-DBCB06AE3BF8}"
EndProject
Global
	GlobalSection(SolutionConfigurationPlatforms) = preSolution
		Debug|Any CPU = Debug|Any CPU
		Release|Any CPU = Release|Any CPU
	EndGlobalSection
	GlobalSection(ProjectConfigurationPlatforms) = postSolution
		{A9E5D7FA-DE0D-4779-90B0-4F92911C0722}.Debug|Any CPU.ActiveCfg = Debug|Any CPU
		{A9E5D7FA-DE0D-4779-90B0-4F92911C0722}.Debug|Any CPU.Build.0 = Debug|Any CPU
		{A9E5D7FA-DE0D-4779-90B0-4F92911C0722}.Release|Any CPU.ActiveCfg = Release|Any CPU
		{A9E5D7FA-DE0D-4779-90B0-4F92911C0722}.Release|Any CPU.Build.0 = Release|Any CPU
		{BDB8F284-13D5-450B-94F1-9663356FB484}.Debug|Any CPU.ActiveCfg = Debug|Any CPU
		{BDB8F284-13D5-450B-94F1-9663356FB484}.Debug|Any CPU.Build.0 = Debug|Any CPU
		{BDB8F284-13D5-450B-94F1-9663356FB484}.Release|Any CPU.ActiveCfg = Release|Any CPU
		{BDB8F284-13D5-450B-94F1-9663356FB484}.Release|Any CPU.Build.0 = Release|Any CPU
		{FD06B50B-DE6B-4D95-83A7-DBCB06AE3BF8}.Debug|Any CPU.ActiveCfg = Debug|Any CPU
		{FD06B50B-DE6B-4D95-83A7-DBCB06AE3BF8}.Debug|Any CPU.Build.0 = Debug|Any CPU
		{FD06B50B-DE6B-4D95-83A7-DBCB06AE3BF8}.Release|Any CPU.ActiveCfg = Release|Any CPU
		{FD06B50B-DE6B-4D95-83A7-DBCB06AE3BF8}.Release|Any CPU.Build.0 = Release|Any CPU
	EndGlobalSection
	GlobalSection(SolutionProperties) = preSolution
		HideSolutionNode = FALSE
	EndGlobalSection
	GlobalSection(ExtensibilityGlobals) = postSolution
		SolutionGuid = {39D4E7B4-D1E3-46B1-8650-54DC3B8E7EFC}
	EndGlobalSection
EndGlobal
