
Microsoft Visual Studio Solution File, Format Version 12.00
# Visual Studio Version 17
VisualStudioVersion = 17.11.35312.102
MinimumVisualStudioVersion = 10.0.40219.1
Project("{FAE04EC0-301F-11D3-BF4B-00C04F79EFBC}") = "AspNetCoreWebApiDemo", "AspNetCoreWebApiDemo\AspNetCoreWebApiDemo.csproj", "{A9E5D7FA-DE0D-4779-90B0-4F92911C0722}"
EndProject
Global
	GlobalSection(SolutionConfigurationPlatforms) = preSolution
		Debug|Any CPU = Debug|Any CPU
		Release|Any CPU = Release|Any CPU
	EndGlobalSection
	GlobalSection(ProjectConfigurationPlatforms) = postSolution
		{A9E5D7FA-DE0D-4779-90B0-4F92911C0722}.Debug|Any CPU.ActiveCfg = Debug|Any CPU
		{A9E5D7FA-DE0D-4779-90B0-4F92911C0722}.Debug|Any CPU.Build.0 = Debug|Any CPU
		{A9E5D7FA-DE0D-4779-90B0-4F92911C0722}.Release|Any CPU.ActiveCfg = Release|Any CPU
		{A9E5D7FA-DE0D-4779-90B0-4F92911C0722}.Release|Any CPU.Build.0 = Release|Any CPU
	EndGlobalSection
	GlobalSection(SolutionProperties) = preSolution
		HideSolutionNode = FALSE
	EndGlobalSection
	GlobalSection(ExtensibilityGlobals) = postSolution
		SolutionGuid = {39D4E7B4-D1E3-46B1-8650-54DC3B8E7EFC}
	EndGlobalSection
EndGlobal
